
Microsoft Visual Studio Solution File, Format Version 12.00
# Visual Studio Version 16
VisualStudioVersion = 16.0.30711.63
MinimumVisualStudioVersion = 10.0.40219.1
Project("{9A19103F-16F7-4668-BE54-9A1E7A4F7556}") = "test", "test\test.csproj", "{DE09D296-568F-4D5D-96AA-A2A7B66AE166}"
EndProject
Project("{9A19103F-16F7-4668-BE54-9A1E7A4F7556}") = "src", "src\src.csproj", "{1DCA6C64-1A89-44E3-A936-ECD710FBC440}"
EndProject
Global
	GlobalSection(SolutionConfigurationPlatforms) = preSolution
		Debug|Any CPU = Debug|Any CPU
		Release|Any CPU = Release|Any CPU
	EndGlobalSection
	GlobalSection(ProjectConfigurationPlatforms) = postSolution
		{DE09D296-568F-4D5D-96AA-A2A7B66AE166}.Debug|Any CPU.ActiveCfg = Debug|Any CPU
		{DE09D296-568F-4D5D-96AA-A2A7B66AE166}.Debug|Any CPU.Build.0 = Debug|Any CPU
		{DE09D296-568F-4D5D-96AA-A2A7B66AE166}.Release|Any CPU.ActiveCfg = Release|Any CPU
		{DE09D296-568F-4D5D-96AA-A2A7B66AE166}.Release|Any CPU.Build.0 = Release|Any CPU
		{1DCA6C64-1A89-44E3-A936-ECD710FBC440}.Debug|Any CPU.ActiveCfg = Debug|Any CPU
		{1DCA6C64-1A89-44E3-A936-ECD710FBC440}.Debug|Any CPU.Build.0 = Debug|Any CPU
		{1DCA6C64-1A89-44E3-A936-ECD710FBC440}.Release|Any CPU.ActiveCfg = Release|Any CPU
		{1DCA6C64-1A89-44E3-A936-ECD710FBC440}.Release|Any CPU.Build.0 = Release|Any CPU
	EndGlobalSection
	GlobalSection(SolutionProperties) = preSolution
		HideSolutionNode = FALSE
	EndGlobalSection
	GlobalSection(ExtensibilityGlobals) = postSolution
		SolutionGuid = {5E32C0E1-0B3D-4926-853A-7B23CABC4E27}
	EndGlobalSection
EndGlobal
