
Microsoft Visual Studio Solution File, Format Version 12.00
# Visual Studio Version 16
VisualStudioVersion = 16.0.30711.63
MinimumVisualStudioVersion = 10.0.40219.1
Project("{9A19103F-16F7-4668-BE54-9A1E7A4F7556}") = "binding", "binding\binding.csproj", "{0A4C8847-3581-43D7-95B1-A617D150DB0D}"
EndProject
Project("{FAE04EC0-301F-11D3-BF4B-00C04F79EFBC}") = "test", "test\test.csproj", "{DE09D296-568F-4D5D-96AA-A2A7B66AE166}"
EndProject
Global
	GlobalSection(SolutionConfigurationPlatforms) = preSolution
		Debug|Any CPU = Debug|Any CPU
		Release|Any CPU = Release|Any CPU
	EndGlobalSection
	GlobalSection(ProjectConfigurationPlatforms) = postSolution
		{0A4C8847-3581-43D7-95B1-A617D150DB0D}.Debug|Any CPU.ActiveCfg = Debug|Any CPU
		{0A4C8847-3581-43D7-95B1-A617D150DB0D}.Debug|Any CPU.Build.0 = Debug|Any CPU
		{0A4C8847-3581-43D7-95B1-A617D150DB0D}.Release|Any CPU.ActiveCfg = Release|Any CPU
		{0A4C8847-3581-43D7-95B1-A617D150DB0D}.Release|Any CPU.Build.0 = Release|Any CPU
		{DE09D296-568F-4D5D-96AA-A2A7B66AE166}.Debug|Any CPU.ActiveCfg = Debug|Any CPU
		{DE09D296-568F-4D5D-96AA-A2A7B66AE166}.Debug|Any CPU.Build.0 = Debug|Any CPU
		{DE09D296-568F-4D5D-96AA-A2A7B66AE166}.Release|Any CPU.ActiveCfg = Release|Any CPU
		{DE09D296-568F-4D5D-96AA-A2A7B66AE166}.Release|Any CPU.Build.0 = Release|Any CPU
	EndGlobalSection
	GlobalSection(SolutionProperties) = preSolution
		HideSolutionNode = FALSE
	EndGlobalSection
	GlobalSection(ExtensibilityGlobals) = postSolution
		SolutionGuid = {5E32C0E1-0B3D-4926-853A-7B23CABC4E27}
	EndGlobalSection
EndGlobal
